
Microsoft Visual Studio Solution File, Format Version 12.00
# Visual Studio Version 17
VisualStudioVersion = 17.0.31903.59
MinimumVisualStudioVersion = 10.0.40219.1
Project("{FAE04EC0-301F-11D3-BF4B-00C04F79EFBC}") = "CloudCustomers.API", "CloudCustomers.API\CloudCustomers.API.csproj", "{2812E218-03BF-4BFD-A496-C4A690D2F755}"
EndProject
Project("{FAE04EC0-301F-11D3-BF4B-00C04F79EFBC}") = "CloudCustomers.UnitTests", "CloudCustomers.UnitTests\CloudCustomers.UnitTests.csproj", "{8C40C895-959E-409E-A7D6-DF1E7B724737}"
EndProject
Global
	GlobalSection(SolutionConfigurationPlatforms) = preSolution
		Debug|Any CPU = Debug|Any CPU
		Release|Any CPU = Release|Any CPU
	EndGlobalSection
	GlobalSection(SolutionProperties) = preSolution
		HideSolutionNode = FALSE
	EndGlobalSection
	GlobalSection(ProjectConfigurationPlatforms) = postSolution
		{2812E218-03BF-4BFD-A496-C4A690D2F755}.Debug|Any CPU.ActiveCfg = Debug|Any CPU
		{2812E218-03BF-4BFD-A496-C4A690D2F755}.Debug|Any CPU.Build.0 = Debug|Any CPU
		{2812E218-03BF-4BFD-A496-C4A690D2F755}.Release|Any CPU.ActiveCfg = Release|Any CPU
		{2812E218-03BF-4BFD-A496-C4A690D2F755}.Release|Any CPU.Build.0 = Release|Any CPU
		{8C40C895-959E-409E-A7D6-DF1E7B724737}.Debug|Any CPU.ActiveCfg = Debug|Any CPU
		{8C40C895-959E-409E-A7D6-DF1E7B724737}.Debug|Any CPU.Build.0 = Debug|Any CPU
		{8C40C895-959E-409E-A7D6-DF1E7B724737}.Release|Any CPU.ActiveCfg = Release|Any CPU
		{8C40C895-959E-409E-A7D6-DF1E7B724737}.Release|Any CPU.Build.0 = Release|Any CPU
	EndGlobalSection
EndGlobal
